<Solution><Project Path="src/TravelApp.Mobile/TravelApp.Mobile.csproj" /><Project Path="src/TravelApp.Api/TravelApp.Api.csproj" /><Project Path="src/TravelApp.Application/TravelApp.Application.csproj" /><Project Path="src/TravelApp.Domain/TravelApp.Domain.csproj" /><Project Path="src/TravelApp.Infrastructure/TravelApp.Infrastructure.csproj" /></Solution>
